// !$*UTF8*$!
{
	archiveVersion = 1;
	classes = {
	};
	objectVersion = 51;
	objects = {

/* Begin PBXBuildFile section */
		2355EB1B26532CB50003A323 /* E_StoreApp.swift in Sources */ = {isa = PBXBuildFile; fileRef = 2355EB1A26532CB50003A323 /* E_StoreApp.swift */; };
		2355EB1D26532CB50003A323 /* ContentView.swift in Sources */ = {isa = PBXBuildFile; fileRef = 2355EB1C26532CB50003A323 /* ContentView.swift */; };
		2355EB1F26532CB60003A323 /* Assets.xcassets in Resources */ = {isa = PBXBuildFile; fileRef = 2355EB1E26532CB60003A323 /* Assets.xcassets */; };
		2355EB2226532CB60003A323 /* Preview Assets.xcassets in Resources */ = {isa = PBXBuildFile; fileRef = 2355EB2126532CB60003A323 /* Preview Assets.xcassets */; };
		2355EB2B26532CE50003A323 /* Catalog.swift in Sources */ = {isa = PBXBuildFile; fileRef = 2355EB2A26532CE50003A323 /* Catalog.swift */; };
		2355EB2E26532DB80003A323 /* Product.swift in Sources */ = {isa = PBXBuildFile; fileRef = 2355EB2D26532DB80003A323 /* Product.swift */; };
		2355EB31265331360003A323 /* GoogleService-Info.plist in Resources */ = {isa = PBXBuildFile; fileRef = 2355EB30265331360003A323 /* GoogleService-Info.plist */; };
		2355EB5626533E0E0003A323 /* SearchBar.swift in Sources */ = {isa = PBXBuildFile; fileRef = 2355EB5526533E0E0003A323 /* SearchBar.swift */; };
		2355EB702653603C0003A323 /* CatalogViewModel.swift in Sources */ = {isa = PBXBuildFile; fileRef = 2355EB6F2653603C0003A323 /* CatalogViewModel.swift */; };
		238E654626544D4000523C14 /* AsyncImage.swift in Sources */ = {isa = PBXBuildFile; fileRef = 238E654526544D3F00523C14 /* AsyncImage.swift */; };
		23B96FAE26597C5600783CB5 /* GoogleSignInButton.swift in Sources */ = {isa = PBXBuildFile; fileRef = 23B96FAD26597C5600783CB5 /* GoogleSignInButton.swift */; };
		23B96FB52659822300783CB5 /* LoginView.swift in Sources */ = {isa = PBXBuildFile; fileRef = 23B96FB42659822300783CB5 /* LoginView.swift */; };
		7259480E265CA9DC0091C3A5 /* CartView.swift in Sources */ = {isa = PBXBuildFile; fileRef = 7259480D265CA9DC0091C3A5 /* CartView.swift */; };
		7259482B265DA0500091C3A5 /* CartItem.swift in Sources */ = {isa = PBXBuildFile; fileRef = 7259482A265DA0500091C3A5 /* CartItem.swift */; };
		AA7202095EC1CE1B63169798 /* Pods_E_Store.framework in Frameworks */ = {isa = PBXBuildFile; fileRef = C7F13D157190F8F7F3477294 /* Pods_E_Store.framework */; };
/* End PBXBuildFile section */

/* Begin PBXFileReference section */
		2355EB1726532CB50003A323 /* E-Store.app */ = {isa = PBXFileReference; explicitFileType = wrapper.application; includeInIndex = 0; path = "E-Store.app"; sourceTree = BUILT_PRODUCTS_DIR; };
		2355EB1A26532CB50003A323 /* E_StoreApp.swift */ = {isa = PBXFileReference; lastKnownFileType = sourcecode.swift; path = E_StoreApp.swift; sourceTree = "<group>"; };
		2355EB1C26532CB50003A323 /* ContentView.swift */ = {isa = PBXFileReference; lastKnownFileType = sourcecode.swift; path = ContentView.swift; sourceTree = "<group>"; };
		2355EB1E26532CB60003A323 /* Assets.xcassets */ = {isa = PBXFileReference; lastKnownFileType = folder.assetcatalog; path = Assets.xcassets; sourceTree = "<group>"; };
		2355EB2126532CB60003A323 /* Preview Assets.xcassets */ = {isa = PBXFileReference; lastKnownFileType = folder.assetcatalog; path = "Preview Assets.xcassets"; sourceTree = "<group>"; };
		2355EB2326532CB60003A323 /* Info.plist */ = {isa = PBXFileReference; lastKnownFileType = text.plist.xml; path = Info.plist; sourceTree = "<group>"; };
		2355EB2A26532CE50003A323 /* Catalog.swift */ = {isa = PBXFileReference; lastKnownFileType = sourcecode.swift; path = Catalog.swift; sourceTree = "<group>"; };
		2355EB2D26532DB80003A323 /* Product.swift */ = {isa = PBXFileReference; lastKnownFileType = sourcecode.swift; path = Product.swift; sourceTree = "<group>"; };
		2355EB30265331360003A323 /* GoogleService-Info.plist */ = {isa = PBXFileReference; fileEncoding = 4; lastKnownFileType = text.plist.xml; path = "GoogleService-Info.plist"; sourceTree = "<group>"; };
		2355EB5526533E0E0003A323 /* SearchBar.swift */ = {isa = PBXFileReference; lastKnownFileType = sourcecode.swift; path = SearchBar.swift; sourceTree = "<group>"; };
		2355EB6F2653603C0003A323 /* CatalogViewModel.swift */ = {isa = PBXFileReference; lastKnownFileType = sourcecode.swift; path = CatalogViewModel.swift; sourceTree = "<group>"; };
		238E654526544D3F00523C14 /* AsyncImage.swift */ = {isa = PBXFileReference; lastKnownFileType = sourcecode.swift; path = AsyncImage.swift; sourceTree = "<group>"; };
		23B96FAD26597C5600783CB5 /* GoogleSignInButton.swift */ = {isa = PBXFileReference; lastKnownFileType = sourcecode.swift; path = GoogleSignInButton.swift; sourceTree = "<group>"; };
		23B96FB42659822300783CB5 /* LoginView.swift */ = {isa = PBXFileReference; lastKnownFileType = sourcecode.swift; path = LoginView.swift; sourceTree = "<group>"; };
		675BC301823DC4EA27D926DD /* Pods-E-Store.debug.xcconfig */ = {isa = PBXFileReference; includeInIndex = 1; lastKnownFileType = text.xcconfig; name = "Pods-E-Store.debug.xcconfig"; path = "Target Support Files/Pods-E-Store/Pods-E-Store.debug.xcconfig"; sourceTree = "<group>"; };
		67A2F6F789C6690657850BE3 /* Pods-E-Store.release.xcconfig */ = {isa = PBXFileReference; includeInIndex = 1; lastKnownFileType = text.xcconfig; name = "Pods-E-Store.release.xcconfig"; path = "Target Support Files/Pods-E-Store/Pods-E-Store.release.xcconfig"; sourceTree = "<group>"; };
		7259480D265CA9DC0091C3A5 /* CartView.swift */ = {isa = PBXFileReference; lastKnownFileType = sourcecode.swift; path = CartView.swift; sourceTree = "<group>"; };
		7259482A265DA0500091C3A5 /* CartItem.swift */ = {isa = PBXFileReference; lastKnownFileType = sourcecode.swift; path = CartItem.swift; sourceTree = "<group>"; };
		C7F13D157190F8F7F3477294 /* Pods_E_Store.framework */ = {isa = PBXFileReference; explicitFileType = wrapper.framework; includeInIndex = 0; path = Pods_E_Store.framework; sourceTree = BUILT_PRODUCTS_DIR; };
/* End PBXFileReference section */

/* Begin PBXFrameworksBuildPhase section */
		2355EB1426532CB50003A323 /* Frameworks */ = {
			isa = PBXFrameworksBuildPhase;
			buildActionMask = 2147483647;
			files = (
				AA7202095EC1CE1B63169798 /* Pods_E_Store.framework in Frameworks */,
			);
			runOnlyForDeploymentPostprocessing = 0;
		};
/* End PBXFrameworksBuildPhase section */

/* Begin PBXGroup section */
		2355EB0E26532CB50003A323 = {
			isa = PBXGroup;
			children = (
				2355EB1926532CB50003A323 /* E-Store */,
				2355EB1826532CB50003A323 /* Products */,
				808942CE2B05E942E96FB094 /* Pods */,
				9B787768BE38670F14F80FC1 /* Frameworks */,
			);
			sourceTree = "<group>";
		};
		2355EB1826532CB50003A323 /* Products */ = {
			isa = PBXGroup;
			children = (
				2355EB1726532CB50003A323 /* E-Store.app */,
			);
			name = Products;
			sourceTree = "<group>";
		};
		2355EB1926532CB50003A323 /* E-Store */ = {
			isa = PBXGroup;
			children = (
				72594809265C80DD0091C3A5 /* ViewModel */,
				72594808265C80D50091C3A5 /* View */,
				72594807265C80CE0091C3A5 /* Model */,
				2355EB1A26532CB50003A323 /* E_StoreApp.swift */,
				2355EB1C26532CB50003A323 /* ContentView.swift */,
				2355EB1E26532CB60003A323 /* Assets.xcassets */,
				2355EB2326532CB60003A323 /* Info.plist */,
				2355EB2026532CB60003A323 /* Preview Content */,
				2355EB30265331360003A323 /* GoogleService-Info.plist */,
			);
			path = "E-Store";
			sourceTree = "<group>";
		};
		2355EB2026532CB60003A323 /* Preview Content */ = {
			isa = PBXGroup;
			children = (
				2355EB2126532CB60003A323 /* Preview Assets.xcassets */,
			);
			path = "Preview Content";
			sourceTree = "<group>";
		};
		72594807265C80CE0091C3A5 /* Model */ = {
			isa = PBXGroup;
			children = (
				2355EB2D26532DB80003A323 /* Product.swift */,
				7259482A265DA0500091C3A5 /* CartItem.swift */,
			);
			path = Model;
			sourceTree = "<group>";
		};
		72594808265C80D50091C3A5 /* View */ = {
			isa = PBXGroup;
			children = (
				238E654526544D3F00523C14 /* AsyncImage.swift */,
				2355EB2A26532CE50003A323 /* Catalog.swift */,
				2355EB5526533E0E0003A323 /* SearchBar.swift */,
				23B96FB42659822300783CB5 /* LoginView.swift */,
				23B96FAD26597C5600783CB5 /* GoogleSignInButton.swift */,
				7259480D265CA9DC0091C3A5 /* CartView.swift */,
			);
			path = View;
			sourceTree = "<group>";
		};
		72594809265C80DD0091C3A5 /* ViewModel */ = {
			isa = PBXGroup;
			children = (
				2355EB6F2653603C0003A323 /* CatalogViewModel.swift */,
			);
			path = ViewModel;
			sourceTree = "<group>";
		};
		808942CE2B05E942E96FB094 /* Pods */ = {
			isa = PBXGroup;
			children = (
				675BC301823DC4EA27D926DD /* Pods-E-Store.debug.xcconfig */,
				67A2F6F789C6690657850BE3 /* Pods-E-Store.release.xcconfig */,
			);
			path = Pods;
			sourceTree = "<group>";
		};
		9B787768BE38670F14F80FC1 /* Frameworks */ = {
			isa = PBXGroup;
			children = (
				C7F13D157190F8F7F3477294 /* Pods_E_Store.framework */,
			);
			name = Frameworks;
			sourceTree = "<group>";
		};
/* End PBXGroup section */

/* Begin PBXNativeTarget section */
		2355EB1626532CB50003A323 /* E-Store */ = {
			isa = PBXNativeTarget;
			buildConfigurationList = 2355EB2626532CB60003A323 /* Build configuration list for PBXNativeTarget "E-Store" */;
			buildPhases = (
				2FB76BDEFCBDF49B189634E4 /* [CP] Check Pods Manifest.lock */,
				2355EB1326532CB50003A323 /* Sources */,
				2355EB1426532CB50003A323 /* Frameworks */,
				2355EB1526532CB50003A323 /* Resources */,
				2C897B767485418D34DB4263 /* [CP] Embed Pods Frameworks */,
				06E0C80210D72C06EACB3A55 /* [CP] Copy Pods Resources */,
			);
			buildRules = (
			);
			dependencies = (
			);
			name = "E-Store";
			productName = "E-Store";
			productReference = 2355EB1726532CB50003A323 /* E-Store.app */;
			productType = "com.apple.product-type.application";
		};
/* End PBXNativeTarget section */

/* Begin PBXProject section */
		2355EB0F26532CB50003A323 /* Project object */ = {
			isa = PBXProject;
			attributes = {
				LastSwiftUpdateCheck = 1240;
				LastUpgradeCheck = 1240;
				TargetAttributes = {
					2355EB1626532CB50003A323 = {
						CreatedOnToolsVersion = 12.4;
					};
				};
			};
			buildConfigurationList = 2355EB1226532CB50003A323 /* Build configuration list for PBXProject "E-Store" */;
			compatibilityVersion = "Xcode 9.3";
			developmentRegion = en;
			hasScannedForEncodings = 0;
			knownRegions = (
				en,
				Base,
			);
			mainGroup = 2355EB0E26532CB50003A323;
			productRefGroup = 2355EB1826532CB50003A323 /* Products */;
			projectDirPath = "";
			projectRoot = "";
			targets = (
				2355EB1626532CB50003A323 /* E-Store */,
			);
		};
/* End PBXProject section */

/* Begin PBXResourcesBuildPhase section */
		2355EB1526532CB50003A323 /* Resources */ = {
			isa = PBXResourcesBuildPhase;
			buildActionMask = 2147483647;
			files = (
				2355EB2226532CB60003A323 /* Preview Assets.xcassets in Resources */,
				2355EB1F26532CB60003A323 /* Assets.xcassets in Resources */,
				2355EB31265331360003A323 /* GoogleService-Info.plist in Resources */,
			);
			runOnlyForDeploymentPostprocessing = 0;
		};
/* End PBXResourcesBuildPhase section */

/* Begin PBXShellScriptBuildPhase section */
		06E0C80210D72C06EACB3A55 /* [CP] Copy Pods Resources */ = {
			isa = PBXShellScriptBuildPhase;
			buildActionMask = 2147483647;
			files = (
			);
			inputFileListPaths = (
				"${PODS_ROOT}/Target Support Files/Pods-E-Store/Pods-E-Store-resources-${CONFIGURATION}-input-files.xcfilelist",
			);
			name = "[CP] Copy Pods Resources";
			outputFileListPaths = (
				"${PODS_ROOT}/Target Support Files/Pods-E-Store/Pods-E-Store-resources-${CONFIGURATION}-output-files.xcfilelist",
			);
			runOnlyForDeploymentPostprocessing = 0;
			shellPath = /bin/sh;
			shellScript = "\"${PODS_ROOT}/Target Support Files/Pods-E-Store/Pods-E-Store-resources.sh\"\n";
			showEnvVarsInLog = 0;
		};
		2C897B767485418D34DB4263 /* [CP] Embed Pods Frameworks */ = {
			isa = PBXShellScriptBuildPhase;
			buildActionMask = 2147483647;
			files = (
			);
			inputFileListPaths = (
				"${PODS_ROOT}/Target Support Files/Pods-E-Store/Pods-E-Store-frameworks-${CONFIGURATION}-input-files.xcfilelist",
			);
			name = "[CP] Embed Pods Frameworks";
			outputFileListPaths = (
				"${PODS_ROOT}/Target Support Files/Pods-E-Store/Pods-E-Store-frameworks-${CONFIGURATION}-output-files.xcfilelist",
			);
			runOnlyForDeploymentPostprocessing = 0;
			shellPath = /bin/sh;
			shellScript = "\"${PODS_ROOT}/Target Support Files/Pods-E-Store/Pods-E-Store-frameworks.sh\"\n";
			showEnvVarsInLog = 0;
		};
		2FB76BDEFCBDF49B189634E4 /* [CP] Check Pods Manifest.lock */ = {
			isa = PBXShellScriptBuildPhase;
			buildActionMask = 2147483647;
			files = (
			);
			inputFileListPaths = (
			);
			inputPaths = (
				"${PODS_PODFILE_DIR_PATH}/Podfile.lock",
				"${PODS_ROOT}/Manifest.lock",
			);
			name = "[CP] Check Pods Manifest.lock";
			outputFileListPaths = (
			);
			outputPaths = (
				"$(DERIVED_FILE_DIR)/Pods-E-Store-checkManifestLockResult.txt",
			);
			runOnlyForDeploymentPostprocessing = 0;
			shellPath = /bin/sh;
			shellScript = "diff \"${PODS_PODFILE_DIR_PATH}/Podfile.lock\" \"${PODS_ROOT}/Manifest.lock\" > /dev/null\nif [ $? != 0 ] ; then\n    # print error to STDERR\n    echo \"error: The sandbox is not in sync with the Podfile.lock. Run 'pod install' or update your CocoaPods installation.\" >&2\n    exit 1\nfi\n# This output is used by Xcode 'outputs' to avoid re-running this script phase.\necho \"SUCCESS\" > \"${SCRIPT_OUTPUT_FILE_0}\"\n";
			showEnvVarsInLog = 0;
		};
/* End PBXShellScriptBuildPhase section */

/* Begin PBXSourcesBuildPhase section */
		2355EB1326532CB50003A323 /* Sources */ = {
			isa = PBXSourcesBuildPhase;
			buildActionMask = 2147483647;
			files = (
				7259480E265CA9DC0091C3A5 /* CartView.swift in Sources */,
				238E654626544D4000523C14 /* AsyncImage.swift in Sources */,
				7259482B265DA0500091C3A5 /* CartItem.swift in Sources */,
				2355EB2B26532CE50003A323 /* Catalog.swift in Sources */,
				2355EB1D26532CB50003A323 /* ContentView.swift in Sources */,
				23B96FB52659822300783CB5 /* LoginView.swift in Sources */,
				2355EB5626533E0E0003A323 /* SearchBar.swift in Sources */,
				23B96FAE26597C5600783CB5 /* GoogleSignInButton.swift in Sources */,
				2355EB1B26532CB50003A323 /* E_StoreApp.swift in Sources */,
				2355EB702653603C0003A323 /* CatalogViewModel.swift in Sources */,
				2355EB2E26532DB80003A323 /* Product.swift in Sources */,
			);
			runOnlyForDeploymentPostprocessing = 0;
		};
/* End PBXSourcesBuildPhase section */

/* Begin XCBuildConfiguration section */
		2355EB2426532CB60003A323 /* Debug */ = {
			isa = XCBuildConfiguration;
			buildSettings = {
				ALWAYS_SEARCH_USER_PATHS = NO;
				CLANG_ANALYZER_NONNULL = YES;
				CLANG_ANALYZER_NUMBER_OBJECT_CONVERSION = YES_AGGRESSIVE;
				CLANG_CXX_LANGUAGE_STANDARD = "gnu++14";
				CLANG_CXX_LIBRARY = "libc++";
				CLANG_ENABLE_MODULES = YES;
				CLANG_ENABLE_OBJC_ARC = YES;
				CLANG_ENABLE_OBJC_WEAK = YES;
				CLANG_WARN_BLOCK_CAPTURE_AUTORELEASING = YES;
				CLANG_WARN_BOOL_CONVERSION = YES;
				CLANG_WARN_COMMA = YES;
				CLANG_WARN_CONSTANT_CONVERSION = YES;
				CLANG_WARN_DEPRECATED_OBJC_IMPLEMENTATIONS = YES;
				CLANG_WARN_DIRECT_OBJC_ISA_USAGE = YES_ERROR;
				CLANG_WARN_DOCUMENTATION_COMMENTS = YES;
				CLANG_WARN_EMPTY_BODY = YES;
				CLANG_WARN_ENUM_CONVERSION = YES;
				CLANG_WARN_INFINITE_RECURSION = YES;
				CLANG_WARN_INT_CONVERSION = YES;
				CLANG_WARN_NON_LITERAL_NULL_CONVERSION = YES;
				CLANG_WARN_OBJC_IMPLICIT_RETAIN_SELF = YES;
				CLANG_WARN_OBJC_LITERAL_CONVERSION = YES;
				CLANG_WARN_OBJC_ROOT_CLASS = YES_ERROR;
				CLANG_WARN_QUOTED_INCLUDE_IN_FRAMEWORK_HEADER = YES;
				CLANG_WARN_RANGE_LOOP_ANALYSIS = YES;
				CLANG_WARN_STRICT_PROTOTYPES = YES;
				CLANG_WARN_SUSPICIOUS_MOVE = YES;
				CLANG_WARN_UNGUARDED_AVAILABILITY = YES_AGGRESSIVE;
				CLANG_WARN_UNREACHABLE_CODE = YES;
				CLANG_WARN__DUPLICATE_METHOD_MATCH = YES;
				COPY_PHASE_STRIP = NO;
				DEBUG_INFORMATION_FORMAT = dwarf;
				ENABLE_STRICT_OBJC_MSGSEND = YES;
				ENABLE_TESTABILITY = YES;
				GCC_C_LANGUAGE_STANDARD = gnu11;
				GCC_DYNAMIC_NO_PIC = NO;
				GCC_NO_COMMON_BLOCKS = YES;
				GCC_OPTIMIZATION_LEVEL = 0;
				GCC_PREPROCESSOR_DEFINITIONS = (
					"DEBUG=1",
					"$(inherited)",
				);
				GCC_WARN_64_TO_32_BIT_CONVERSION = YES;
				GCC_WARN_ABOUT_RETURN_TYPE = YES_ERROR;
				GCC_WARN_UNDECLARED_SELECTOR = YES;
				GCC_WARN_UNINITIALIZED_AUTOS = YES_AGGRESSIVE;
				GCC_WARN_UNUSED_FUNCTION = YES;
				GCC_WARN_UNUSED_VARIABLE = YES;
				IPHONEOS_DEPLOYMENT_TARGET = 14.4;
				MTL_ENABLE_DEBUG_INFO = INCLUDE_SOURCE;
				MTL_FAST_MATH = YES;
				ONLY_ACTIVE_ARCH = YES;
				SDKROOT = iphoneos;
				SWIFT_ACTIVE_COMPILATION_CONDITIONS = DEBUG;
				SWIFT_OPTIMIZATION_LEVEL = "-Onone";
			};
			name = Debug;
		};
		2355EB2526532CB60003A323 /* Release */ = {
			isa = XCBuildConfiguration;
			buildSettings = {
				ALWAYS_SEARCH_USER_PATHS = NO;
				CLANG_ANALYZER_NONNULL = YES;
				CLANG_ANALYZER_NUMBER_OBJECT_CONVERSION = YES_AGGRESSIVE;
				CLANG_CXX_LANGUAGE_STANDARD = "gnu++14";
				CLANG_CXX_LIBRARY = "libc++";
				CLANG_ENABLE_MODULES = YES;
				CLANG_ENABLE_OBJC_ARC = YES;
				CLANG_ENABLE_OBJC_WEAK = YES;
				CLANG_WARN_BLOCK_CAPTURE_AUTORELEASING = YES;
				CLANG_WARN_BOOL_CONVERSION = YES;
				CLANG_WARN_COMMA = YES;
				CLANG_WARN_CONSTANT_CONVERSION = YES;
				CLANG_WARN_DEPRECATED_OBJC_IMPLEMENTATIONS = YES;
				CLANG_WARN_DIRECT_OBJC_ISA_USAGE = YES_ERROR;
				CLANG_WARN_DOCUMENTATION_COMMENTS = YES;
				CLANG_WARN_EMPTY_BODY = YES;
				CLANG_WARN_ENUM_CONVERSION = YES;
				CLANG_WARN_INFINITE_RECURSION = YES;
				CLANG_WARN_INT_CONVERSION = YES;
				CLANG_WARN_NON_LITERAL_NULL_CONVERSION = YES;
				CLANG_WARN_OBJC_IMPLICIT_RETAIN_SELF = YES;
				CLANG_WARN_OBJC_LITERAL_CONVERSION = YES;
				CLANG_WARN_OBJC_ROOT_CLASS = YES_ERROR;
				CLANG_WARN_QUOTED_INCLUDE_IN_FRAMEWORK_HEADER = YES;
				CLANG_WARN_RANGE_LOOP_ANALYSIS = YES;
				CLANG_WARN_STRICT_PROTOTYPES = YES;
				CLANG_WARN_SUSPICIOUS_MOVE = YES;
				CLANG_WARN_UNGUARDED_AVAILABILITY = YES_AGGRESSIVE;
				CLANG_WARN_UNREACHABLE_CODE = YES;
				CLANG_WARN__DUPLICATE_METHOD_MATCH = YES;
				COPY_PHASE_STRIP = NO;
				DEBUG_INFORMATION_FORMAT = "dwarf-with-dsym";
				ENABLE_NS_ASSERTIONS = NO;
				ENABLE_STRICT_OBJC_MSGSEND = YES;
				GCC_C_LANGUAGE_STANDARD = gnu11;
				GCC_NO_COMMON_BLOCKS = YES;
				GCC_WARN_64_TO_32_BIT_CONVERSION = YES;
				GCC_WARN_ABOUT_RETURN_TYPE = YES_ERROR;
				GCC_WARN_UNDECLARED_SELECTOR = YES;
				GCC_WARN_UNINITIALIZED_AUTOS = YES_AGGRESSIVE;
				GCC_WARN_UNUSED_FUNCTION = YES;
				GCC_WARN_UNUSED_VARIABLE = YES;
				IPHONEOS_DEPLOYMENT_TARGET = 14.4;
				MTL_ENABLE_DEBUG_INFO = NO;
				MTL_FAST_MATH = YES;
				SDKROOT = iphoneos;
				SWIFT_COMPILATION_MODE = wholemodule;
				SWIFT_OPTIMIZATION_LEVEL = "-O";
				VALIDATE_PRODUCT = YES;
			};
			name = Release;
		};
		2355EB2726532CB60003A323 /* Debug */ = {
			isa = XCBuildConfiguration;
			baseConfigurationReference = 675BC301823DC4EA27D926DD /* Pods-E-Store.debug.xcconfig */;
			buildSettings = {
				ASSETCATALOG_COMPILER_APPICON_NAME = AppIcon;
				ASSETCATALOG_COMPILER_GLOBAL_ACCENT_COLOR_NAME = AccentColor;
				CODE_SIGN_STYLE = Automatic;
				DEVELOPMENT_ASSET_PATHS = "\"E-Store/Preview Content\"";
				ENABLE_PREVIEWS = YES;
				INFOPLIST_FILE = "E-Store/Info.plist";
				IPHONEOS_DEPLOYMENT_TARGET = 14.0;
				LD_RUNPATH_SEARCH_PATHS = (
					"$(inherited)",
					"@executable_path/Frameworks",
				);
				PRODUCT_BUNDLE_IDENTIFIER = "Tec.E-Store";
				PRODUCT_NAME = "$(TARGET_NAME)";
				SWIFT_VERSION = 5.0;
				TARGETED_DEVICE_FAMILY = 1;
			};
			name = Debug;
		};
		2355EB2826532CB60003A323 /* Release */ = {
			isa = XCBuildConfiguration;
			baseConfigurationReference = 67A2F6F789C6690657850BE3 /* Pods-E-Store.release.xcconfig */;
			buildSettings = {
				ASSETCATALOG_COMPILER_APPICON_NAME = AppIcon;
				ASSETCATALOG_COMPILER_GLOBAL_ACCENT_COLOR_NAME = AccentColor;
				CODE_SIGN_STYLE = Automatic;
				DEVELOPMENT_ASSET_PATHS = "\"E-Store/Preview Content\"";
				ENABLE_PREVIEWS = YES;
				INFOPLIST_FILE = "E-Store/Info.plist";
				IPHONEOS_DEPLOYMENT_TARGET = 14.0;
				LD_RUNPATH_SEARCH_PATHS = (
					"$(inherited)",
					"@executable_path/Frameworks",
				);
				PRODUCT_BUNDLE_IDENTIFIER = "Tec.E-Store";
				PRODUCT_NAME = "$(TARGET_NAME)";
				SWIFT_VERSION = 5.0;
				TARGETED_DEVICE_FAMILY = 1;
			};
			name = Release;
		};
/* End XCBuildConfiguration section */

/* Begin XCConfigurationList section */
		2355EB1226532CB50003A323 /* Build configuration list for PBXProject "E-Store" */ = {
			isa = XCConfigurationList;
			buildConfigurations = (
				2355EB2426532CB60003A323 /* Debug */,
				2355EB2526532CB60003A323 /* Release */,
			);
			defaultConfigurationIsVisible = 0;
			defaultConfigurationName = Release;
		};
		2355EB2626532CB60003A323 /* Build configuration list for PBXNativeTarget "E-Store" */ = {
			isa = XCConfigurationList;
			buildConfigurations = (
				2355EB2726532CB60003A323 /* Debug */,
				2355EB2826532CB60003A323 /* Release */,
			);
			defaultConfigurationIsVisible = 0;
			defaultConfigurationName = Release;
		};
/* End XCConfigurationList section */
	};
	rootObject = 2355EB0F26532CB50003A323 /* Project object */;
}
